
Microsoft Visual Studio Solution File, Format Version 12.00
# Visual Studio Version 16
VisualStudioVersion = 16.0.30204.135
MinimumVisualStudioVersion = 10.0.40219.1
Project("{FAE04EC0-301F-11D3-BF4B-00C04F79EFBC}") = "APICoreExample", "APICoreExample.csproj", "{B58CBB91-AD43-41CE-A42A-8FAE38A69069}"
EndProject
Global
	GlobalSection(SolutionConfigurationPlatforms) = preSolution
		Debug|Any CPU = Debug|Any CPU
		Release|Any CPU = Release|Any CPU
	EndGlobalSection
	GlobalSection(ProjectConfigurationPlatforms) = postSolution
		{B58CBB91-AD43-41CE-A42A-8FAE38A69069}.Debug|Any CPU.ActiveCfg = Debug|Any CPU
		{B58CBB91-AD43-41CE-A42A-8FAE38A69069}.Debug|Any CPU.Build.0 = Debug|Any CPU
		{B58CBB91-AD43-41CE-A42A-8FAE38A69069}.Release|Any CPU.ActiveCfg = Release|Any CPU
		{B58CBB91-AD43-41CE-A42A-8FAE38A69069}.Release|Any CPU.Build.0 = Release|Any CPU
	EndGlobalSection
	GlobalSection(SolutionProperties) = preSolution
		HideSolutionNode = FALSE
	EndGlobalSection
	GlobalSection(ExtensibilityGlobals) = postSolution
		SolutionGuid = {F85E075A-59FD-4B89-B042-446BD372E49A}
	EndGlobalSection
EndGlobal
